
Microsoft Visual Studio Solution File, Format Version 12.00
# Visual Studio Version 17
VisualStudioVersion = 17.3.32825.248
MinimumVisualStudioVersion = 10.0.40219.1
Project("{FAE04EC0-301F-11D3-BF4B-00C04F79EFBC}") = "FutureValue", "FutureValue.csproj", "{E5924309-BAE0-4D62-98D2-16B91781D1DA}"
EndProject
Global
	GlobalSection(SolutionConfigurationPlatforms) = preSolution
		Debug|Any CPU = Debug|Any CPU
		Release|Any CPU = Release|Any CPU
	EndGlobalSection
	GlobalSection(ProjectConfigurationPlatforms) = postSolution
		{E5924309-BAE0-4D62-98D2-16B91781D1DA}.Debug|Any CPU.ActiveCfg = Debug|Any CPU
		{E5924309-BAE0-4D62-98D2-16B91781D1DA}.Debug|Any CPU.Build.0 = Debug|Any CPU
		{E5924309-BAE0-4D62-98D2-16B91781D1DA}.Release|Any CPU.ActiveCfg = Release|Any CPU
		{E5924309-BAE0-4D62-98D2-16B91781D1DA}.Release|Any CPU.Build.0 = Release|Any CPU
	EndGlobalSection
	GlobalSection(SolutionProperties) = preSolution
		HideSolutionNode = FALSE
	EndGlobalSection
	GlobalSection(ExtensibilityGlobals) = postSolution
		SolutionGuid = {09CDFB5F-60D5-4BB0-B0EA-E24A2D9208A0}
	EndGlobalSection
EndGlobal
